
Microsoft Visual Studio Solution File, Format Version 12.00
# Visual Studio Version 18
VisualStudioVersion = 18.1.11312.151
MinimumVisualStudioVersion = 10.0.40219.1
Project("{FAE04EC0-301F-11D3-BF4B-00C04F79EFBC}") = "RoarUI", "RoarUI\RoarUI.csproj", "{6820509D-FD3C-4ADE-9095-EC7EC719FDB2}"
EndProject
Project("{FAE04EC0-301F-11D3-BF4B-00C04F79EFBC}") = "ShowcaseWebApp", "ShowcaseWebApp\ShowcaseWebApp.csproj", "{2FF80B8B-E370-40DA-BA7A-4CAD55FCD69B}"
EndProject
Global
	GlobalSection(SolutionConfigurationPlatforms) = preSolution
		Debug|Any CPU = Debug|Any CPU
		Release|Any CPU = Release|Any CPU
	EndGlobalSection
	GlobalSection(ProjectConfigurationPlatforms) = postSolution
		{6820509D-FD3C-4ADE-9095-EC7EC719FDB2}.Debug|Any CPU.ActiveCfg = Debug|Any CPU
		{6820509D-FD3C-4ADE-9095-EC7EC719FDB2}.Debug|Any CPU.Build.0 = Debug|Any CPU
		{6820509D-FD3C-4ADE-9095-EC7EC719FDB2}.Release|Any CPU.ActiveCfg = Release|Any CPU
		{6820509D-FD3C-4ADE-9095-EC7EC719FDB2}.Release|Any CPU.Build.0 = Release|Any CPU
		{2FF80B8B-E370-40DA-BA7A-4CAD55FCD69B}.Debug|Any CPU.ActiveCfg = Debug|Any CPU
		{2FF80B8B-E370-40DA-BA7A-4CAD55FCD69B}.Debug|Any CPU.Build.0 = Debug|Any CPU
		{2FF80B8B-E370-40DA-BA7A-4CAD55FCD69B}.Release|Any CPU.ActiveCfg = Release|Any CPU
		{2FF80B8B-E370-40DA-BA7A-4CAD55FCD69B}.Release|Any CPU.Build.0 = Release|Any CPU
	EndGlobalSection
	GlobalSection(SolutionProperties) = preSolution
		HideSolutionNode = FALSE
	EndGlobalSection
	GlobalSection(ExtensibilityGlobals) = postSolution
		SolutionGuid = {54777F79-5037-4071-BBEE-16A09F22BAF6}
	EndGlobalSection
EndGlobal
